
Microsoft Visual Studio Solution File, Format Version 12.00
# Visual Studio Version 17
VisualStudioVersion = 17.11.35219.272
MinimumVisualStudioVersion = 10.0.40219.1
Project("{9A19103F-16F7-4668-BE54-9A1E7A4F7556}") = "Common.Util", "Common.Util\Common.Util.csproj", "{81A54E2C-8F4E-4395-AA4F-37DECEB730F5}"
EndProject
Project("{FAE04EC0-301F-11D3-BF4B-00C04F79EFBC}") = "Common.Forms", "Common.Forms\Common.Forms.csproj", "{8364EB3F-8179-480A-AF3A-290606EEE9B6}"
EndProject
Project("{FAE04EC0-301F-11D3-BF4B-00C04F79EFBC}") = "Common.Util.Test", "Common.Util.Test\Common.Util.Test.csproj", "{146E09EE-4E03-49A6-A76B-2693CE0DB733}"
EndProject
Project("{FAE04EC0-301F-11D3-BF4B-00C04F79EFBC}") = "Common.Forms.Test", "Common.Forms.Test\Common.Forms.Test.csproj", "{4070121C-252F-4DC4-BE5E-4E9BE3441A3B}"
EndProject
Project("{FAE04EC0-301F-11D3-BF4B-00C04F79EFBC}") = "Common.WebUi", "Common.WebUi\Common.WebUi.csproj", "{88F1E48E-9484-4911-9E58-8AC6082E1BF9}"
EndProject
Project("{FAE04EC0-301F-11D3-BF4B-00C04F79EFBC}") = "Common.WebUi.Test", "Common.WebUi.Test\Common.WebUi.Test.csproj", "{FB90CEF1-AEB9-481F-B12B-F681B792E0B3}"
EndProject
Global
	GlobalSection(SolutionConfigurationPlatforms) = preSolution
		Debug|Any CPU = Debug|Any CPU
		Debug|x64 = Debug|x64
		Debug|x86 = Debug|x86
		Release|Any CPU = Release|Any CPU
		Release|x64 = Release|x64
		Release|x86 = Release|x86
	EndGlobalSection
	GlobalSection(ProjectConfigurationPlatforms) = postSolution
		{81A54E2C-8F4E-4395-AA4F-37DECEB730F5}.Debug|Any CPU.ActiveCfg = Debug|Any CPU
		{81A54E2C-8F4E-4395-AA4F-37DECEB730F5}.Debug|Any CPU.Build.0 = Debug|Any CPU
		{81A54E2C-8F4E-4395-AA4F-37DECEB730F5}.Debug|x64.ActiveCfg = Debug|Any CPU
		{81A54E2C-8F4E-4395-AA4F-37DECEB730F5}.Debug|x64.Build.0 = Debug|Any CPU
		{81A54E2C-8F4E-4395-AA4F-37DECEB730F5}.Debug|x86.ActiveCfg = Debug|Any CPU
		{81A54E2C-8F4E-4395-AA4F-37DECEB730F5}.Debug|x86.Build.0 = Debug|Any CPU
		{81A54E2C-8F4E-4395-AA4F-37DECEB730F5}.Release|Any CPU.ActiveCfg = Release|Any CPU
		{81A54E2C-8F4E-4395-AA4F-37DECEB730F5}.Release|Any CPU.Build.0 = Release|Any CPU
		{81A54E2C-8F4E-4395-AA4F-37DECEB730F5}.Release|x64.ActiveCfg = Release|Any CPU
		{81A54E2C-8F4E-4395-AA4F-37DECEB730F5}.Release|x64.Build.0 = Release|Any CPU
		{81A54E2C-8F4E-4395-AA4F-37DECEB730F5}.Release|x86.ActiveCfg = Release|Any CPU
		{81A54E2C-8F4E-4395-AA4F-37DECEB730F5}.Release|x86.Build.0 = Release|Any CPU
		{8364EB3F-8179-480A-AF3A-290606EEE9B6}.Debug|Any CPU.ActiveCfg = Debug|Any CPU
		{8364EB3F-8179-480A-AF3A-290606EEE9B6}.Debug|Any CPU.Build.0 = Debug|Any CPU
		{8364EB3F-8179-480A-AF3A-290606EEE9B6}.Debug|x64.ActiveCfg = Debug|Any CPU
		{8364EB3F-8179-480A-AF3A-290606EEE9B6}.Debug|x64.Build.0 = Debug|Any CPU
		{8364EB3F-8179-480A-AF3A-290606EEE9B6}.Debug|x86.ActiveCfg = Debug|Any CPU
		{8364EB3F-8179-480A-AF3A-290606EEE9B6}.Debug|x86.Build.0 = Debug|Any CPU
		{8364EB3F-8179-480A-AF3A-290606EEE9B6}.Release|Any CPU.ActiveCfg = Release|Any CPU
		{8364EB3F-8179-480A-AF3A-290606EEE9B6}.Release|Any CPU.Build.0 = Release|Any CPU
		{8364EB3F-8179-480A-AF3A-290606EEE9B6}.Release|x64.ActiveCfg = Release|Any CPU
		{8364EB3F-8179-480A-AF3A-290606EEE9B6}.Release|x64.Build.0 = Release|Any CPU
		{8364EB3F-8179-480A-AF3A-290606EEE9B6}.Release|x86.ActiveCfg = Release|Any CPU
		{8364EB3F-8179-480A-AF3A-290606EEE9B6}.Release|x86.Build.0 = Release|Any CPU
		{146E09EE-4E03-49A6-A76B-2693CE0DB733}.Debug|Any CPU.ActiveCfg = Debug|Any CPU
		{146E09EE-4E03-49A6-A76B-2693CE0DB733}.Debug|Any CPU.Build.0 = Debug|Any CPU
		{146E09EE-4E03-49A6-A76B-2693CE0DB733}.Debug|x64.ActiveCfg = Debug|Any CPU
		{146E09EE-4E03-49A6-A76B-2693CE0DB733}.Debug|x64.Build.0 = Debug|Any CPU
		{146E09EE-4E03-49A6-A76B-2693CE0DB733}.Debug|x86.ActiveCfg = Debug|Any CPU
		{146E09EE-4E03-49A6-A76B-2693CE0DB733}.Debug|x86.Build.0 = Debug|Any CPU
		{146E09EE-4E03-49A6-A76B-2693CE0DB733}.Release|Any CPU.ActiveCfg = Release|Any CPU
		{146E09EE-4E03-49A6-A76B-2693CE0DB733}.Release|Any CPU.Build.0 = Release|Any CPU
		{146E09EE-4E03-49A6-A76B-2693CE0DB733}.Release|x64.ActiveCfg = Release|Any CPU
		{146E09EE-4E03-49A6-A76B-2693CE0DB733}.Release|x64.Build.0 = Release|Any CPU
		{146E09EE-4E03-49A6-A76B-2693CE0DB733}.Release|x86.ActiveCfg = Release|Any CPU
		{146E09EE-4E03-49A6-A76B-2693CE0DB733}.Release|x86.Build.0 = Release|Any CPU
		{4070121C-252F-4DC4-BE5E-4E9BE3441A3B}.Debug|Any CPU.ActiveCfg = Debug|Any CPU
		{4070121C-252F-4DC4-BE5E-4E9BE3441A3B}.Debug|Any CPU.Build.0 = Debug|Any CPU
		{4070121C-252F-4DC4-BE5E-4E9BE3441A3B}.Debug|x64.ActiveCfg = Debug|Any CPU
		{4070121C-252F-4DC4-BE5E-4E9BE3441A3B}.Debug|x64.Build.0 = Debug|Any CPU
		{4070121C-252F-4DC4-BE5E-4E9BE3441A3B}.Debug|x86.ActiveCfg = Debug|Any CPU
		{4070121C-252F-4DC4-BE5E-4E9BE3441A3B}.Debug|x86.Build.0 = Debug|Any CPU
		{4070121C-252F-4DC4-BE5E-4E9BE3441A3B}.Release|Any CPU.ActiveCfg = Release|Any CPU
		{4070121C-252F-4DC4-BE5E-4E9BE3441A3B}.Release|Any CPU.Build.0 = Release|Any CPU
		{4070121C-252F-4DC4-BE5E-4E9BE3441A3B}.Release|x64.ActiveCfg = Release|Any CPU
		{4070121C-252F-4DC4-BE5E-4E9BE3441A3B}.Release|x64.Build.0 = Release|Any CPU
		{4070121C-252F-4DC4-BE5E-4E9BE3441A3B}.Release|x86.ActiveCfg = Release|Any CPU
		{4070121C-252F-4DC4-BE5E-4E9BE3441A3B}.Release|x86.Build.0 = Release|Any CPU
		{88F1E48E-9484-4911-9E58-8AC6082E1BF9}.Debug|Any CPU.ActiveCfg = Debug|Any CPU
		{88F1E48E-9484-4911-9E58-8AC6082E1BF9}.Debug|Any CPU.Build.0 = Debug|Any CPU
		{88F1E48E-9484-4911-9E58-8AC6082E1BF9}.Debug|x64.ActiveCfg = Debug|Any CPU
		{88F1E48E-9484-4911-9E58-8AC6082E1BF9}.Debug|x64.Build.0 = Debug|Any CPU
		{88F1E48E-9484-4911-9E58-8AC6082E1BF9}.Debug|x86.ActiveCfg = Debug|Any CPU
		{88F1E48E-9484-4911-9E58-8AC6082E1BF9}.Debug|x86.Build.0 = Debug|Any CPU
		{88F1E48E-9484-4911-9E58-8AC6082E1BF9}.Release|Any CPU.ActiveCfg = Release|Any CPU
		{88F1E48E-9484-4911-9E58-8AC6082E1BF9}.Release|Any CPU.Build.0 = Release|Any CPU
		{88F1E48E-9484-4911-9E58-8AC6082E1BF9}.Release|x64.ActiveCfg = Release|Any CPU
		{88F1E48E-9484-4911-9E58-8AC6082E1BF9}.Release|x64.Build.0 = Release|Any CPU
		{88F1E48E-9484-4911-9E58-8AC6082E1BF9}.Release|x86.ActiveCfg = Release|Any CPU
		{88F1E48E-9484-4911-9E58-8AC6082E1BF9}.Release|x86.Build.0 = Release|Any CPU
		{FB90CEF1-AEB9-481F-B12B-F681B792E0B3}.Debug|Any CPU.ActiveCfg = Debug|Any CPU
		{FB90CEF1-AEB9-481F-B12B-F681B792E0B3}.Debug|Any CPU.Build.0 = Debug|Any CPU
		{FB90CEF1-AEB9-481F-B12B-F681B792E0B3}.Debug|x64.ActiveCfg = Debug|Any CPU
		{FB90CEF1-AEB9-481F-B12B-F681B792E0B3}.Debug|x64.Build.0 = Debug|Any CPU
		{FB90CEF1-AEB9-481F-B12B-F681B792E0B3}.Debug|x86.ActiveCfg = Debug|Any CPU
		{FB90CEF1-AEB9-481F-B12B-F681B792E0B3}.Debug|x86.Build.0 = Debug|Any CPU
		{FB90CEF1-AEB9-481F-B12B-F681B792E0B3}.Release|Any CPU.ActiveCfg = Release|Any CPU
		{FB90CEF1-AEB9-481F-B12B-F681B792E0B3}.Release|Any CPU.Build.0 = Release|Any CPU
		{FB90CEF1-AEB9-481F-B12B-F681B792E0B3}.Release|x64.ActiveCfg = Release|Any CPU
		{FB90CEF1-AEB9-481F-B12B-F681B792E0B3}.Release|x64.Build.0 = Release|Any CPU
		{FB90CEF1-AEB9-481F-B12B-F681B792E0B3}.Release|x86.ActiveCfg = Release|Any CPU
		{FB90CEF1-AEB9-481F-B12B-F681B792E0B3}.Release|x86.Build.0 = Release|Any CPU
	EndGlobalSection
	GlobalSection(SolutionProperties) = preSolution
		HideSolutionNode = FALSE
	EndGlobalSection
	GlobalSection(ExtensibilityGlobals) = postSolution
		SolutionGuid = {DFEF2D47-2D73-4625-8453-B5DADB3CD561}
	EndGlobalSection
EndGlobal
