
Microsoft Visual Studio Solution File, Format Version 12.00
# Visual Studio Version 17
VisualStudioVersion = 17.11.35219.272
MinimumVisualStudioVersion = 10.0.40219.1
Project("{9A19103F-16F7-4668-BE54-9A1E7A4F7556}") = "Common.Util", "Common.Util\Common.Util.csproj", "{81A54E2C-8F4E-4395-AA4F-37DECEB730F5}"
EndProject
Project("{FAE04EC0-301F-11D3-BF4B-00C04F79EFBC}") = "Common.Forms", "Common.Forms\Common.Forms.csproj", "{8364EB3F-8179-480A-AF3A-290606EEE9B6}"
EndProject
Project("{FAE04EC0-301F-11D3-BF4B-00C04F79EFBC}") = "Common.Util.Test", "Common.Util.Test\Common.Util.Test.csproj", "{146E09EE-4E03-49A6-A76B-2693CE0DB733}"
EndProject
Project("{FAE04EC0-301F-11D3-BF4B-00C04F79EFBC}") = "Common.Forms.Test", "Common.Forms.Test\Common.Forms.Test.csproj", "{4070121C-252F-4DC4-BE5E-4E9BE3441A3B}"
EndProject
Project("{FAE04EC0-301F-11D3-BF4B-00C04F79EFBC}") = "Common.SourceGenerators", "Common.SourceGenerators\Common.SourceGenerators.csproj", "{7BF5DA0E-540B-4AF2-B144-DFA8FAA5C216}"
EndProject
Project("{FAE04EC0-301F-11D3-BF4B-00C04F79EFBC}") = "Common.SourceGenerators.Abstractions", "Common.SourceGenerators.Abstractions\Common.SourceGenerators.Abstractions.csproj", "{34B4185E-5B85-4E8D-BCBC-0D33AE4A31A7}"
EndProject
Project("{FAE04EC0-301F-11D3-BF4B-00C04F79EFBC}") = "Common.SourceGenerators.Test", "Common.SourceGenerators.Test\Common.SourceGenerators.Test.csproj", "{95820FAD-EEC3-4868-A7AC-D589D28A4BD9}"
EndProject
Project("{FAE04EC0-301F-11D3-BF4B-00C04F79EFBC}") = "Common.Forms.Wrappers", "Common.Forms.Wrappers\Common.Forms.Wrappers.csproj", "{88B64804-CC65-4EFC-B24B-1BCBD08E4DD9}"
EndProject
Project("{FAE04EC0-301F-11D3-BF4B-00C04F79EFBC}") = "Common.Forms.Wrappers.Abstractions", "Common.Forms.Wrappers.Abstractions\Common.Forms.Wrappers.Abstractions.csproj", "{71EBB696-5BF0-4216-99E4-9B01F3DDCE02}"
EndProject
Project("{FAE04EC0-301F-11D3-BF4B-00C04F79EFBC}") = "Common.WebUi", "Common.WebUi\Common.WebUi.csproj", "{178BC2E5-0648-4781-8BCD-BA7253EBAE6A}"
EndProject
Project("{FAE04EC0-301F-11D3-BF4B-00C04F79EFBC}") = "Common.WebUi.Test", "Common.WebUi.Test\Common.WebUi.Test.csproj", "{3FCA5984-0D5D-4E3D-80F8-4A706A8286C1}"
EndProject
Project("{FAE04EC0-301F-11D3-BF4B-00C04F79EFBC}") = "Common.Html", "Common.Html\Common.Html.csproj", "{DA74FEAD-57FF-4FC7-AAB7-703468D212A1}"
EndProject
Project("{FAE04EC0-301F-11D3-BF4B-00C04F79EFBC}") = "Common.Html.Mdn", "Common.Html.Mdn\Common.Html.Mdn.csproj", "{3F7E089D-0160-46B0-9B03-46CEF1228CA7}"
EndProject
Global
	GlobalSection(SolutionConfigurationPlatforms) = preSolution
		Debug|Any CPU = Debug|Any CPU
		Debug|x64 = Debug|x64
		Debug|x86 = Debug|x86
		Release|Any CPU = Release|Any CPU
		Release|x64 = Release|x64
		Release|x86 = Release|x86
	EndGlobalSection
	GlobalSection(ProjectConfigurationPlatforms) = postSolution
		{81A54E2C-8F4E-4395-AA4F-37DECEB730F5}.Debug|Any CPU.ActiveCfg = Debug|Any CPU
		{81A54E2C-8F4E-4395-AA4F-37DECEB730F5}.Debug|Any CPU.Build.0 = Debug|Any CPU
		{81A54E2C-8F4E-4395-AA4F-37DECEB730F5}.Debug|x64.ActiveCfg = Debug|Any CPU
		{81A54E2C-8F4E-4395-AA4F-37DECEB730F5}.Debug|x64.Build.0 = Debug|Any CPU
		{81A54E2C-8F4E-4395-AA4F-37DECEB730F5}.Debug|x86.ActiveCfg = Debug|Any CPU
		{81A54E2C-8F4E-4395-AA4F-37DECEB730F5}.Debug|x86.Build.0 = Debug|Any CPU
		{81A54E2C-8F4E-4395-AA4F-37DECEB730F5}.Release|Any CPU.ActiveCfg = Release|Any CPU
		{81A54E2C-8F4E-4395-AA4F-37DECEB730F5}.Release|Any CPU.Build.0 = Release|Any CPU
		{81A54E2C-8F4E-4395-AA4F-37DECEB730F5}.Release|x64.ActiveCfg = Release|Any CPU
		{81A54E2C-8F4E-4395-AA4F-37DECEB730F5}.Release|x64.Build.0 = Release|Any CPU
		{81A54E2C-8F4E-4395-AA4F-37DECEB730F5}.Release|x86.ActiveCfg = Release|Any CPU
		{81A54E2C-8F4E-4395-AA4F-37DECEB730F5}.Release|x86.Build.0 = Release|Any CPU
		{8364EB3F-8179-480A-AF3A-290606EEE9B6}.Debug|Any CPU.ActiveCfg = Debug|Any CPU
		{8364EB3F-8179-480A-AF3A-290606EEE9B6}.Debug|Any CPU.Build.0 = Debug|Any CPU
		{8364EB3F-8179-480A-AF3A-290606EEE9B6}.Debug|x64.ActiveCfg = Debug|Any CPU
		{8364EB3F-8179-480A-AF3A-290606EEE9B6}.Debug|x64.Build.0 = Debug|Any CPU
		{8364EB3F-8179-480A-AF3A-290606EEE9B6}.Debug|x86.ActiveCfg = Debug|Any CPU
		{8364EB3F-8179-480A-AF3A-290606EEE9B6}.Debug|x86.Build.0 = Debug|Any CPU
		{8364EB3F-8179-480A-AF3A-290606EEE9B6}.Release|Any CPU.ActiveCfg = Release|Any CPU
		{8364EB3F-8179-480A-AF3A-290606EEE9B6}.Release|Any CPU.Build.0 = Release|Any CPU
		{8364EB3F-8179-480A-AF3A-290606EEE9B6}.Release|x64.ActiveCfg = Release|Any CPU
		{8364EB3F-8179-480A-AF3A-290606EEE9B6}.Release|x64.Build.0 = Release|Any CPU
		{8364EB3F-8179-480A-AF3A-290606EEE9B6}.Release|x86.ActiveCfg = Release|Any CPU
		{8364EB3F-8179-480A-AF3A-290606EEE9B6}.Release|x86.Build.0 = Release|Any CPU
		{146E09EE-4E03-49A6-A76B-2693CE0DB733}.Debug|Any CPU.ActiveCfg = Debug|Any CPU
		{146E09EE-4E03-49A6-A76B-2693CE0DB733}.Debug|Any CPU.Build.0 = Debug|Any CPU
		{146E09EE-4E03-49A6-A76B-2693CE0DB733}.Debug|x64.ActiveCfg = Debug|Any CPU
		{146E09EE-4E03-49A6-A76B-2693CE0DB733}.Debug|x64.Build.0 = Debug|Any CPU
		{146E09EE-4E03-49A6-A76B-2693CE0DB733}.Debug|x86.ActiveCfg = Debug|Any CPU
		{146E09EE-4E03-49A6-A76B-2693CE0DB733}.Debug|x86.Build.0 = Debug|Any CPU
		{146E09EE-4E03-49A6-A76B-2693CE0DB733}.Release|Any CPU.ActiveCfg = Release|Any CPU
		{146E09EE-4E03-49A6-A76B-2693CE0DB733}.Release|Any CPU.Build.0 = Release|Any CPU
		{146E09EE-4E03-49A6-A76B-2693CE0DB733}.Release|x64.ActiveCfg = Release|Any CPU
		{146E09EE-4E03-49A6-A76B-2693CE0DB733}.Release|x64.Build.0 = Release|Any CPU
		{146E09EE-4E03-49A6-A76B-2693CE0DB733}.Release|x86.ActiveCfg = Release|Any CPU
		{146E09EE-4E03-49A6-A76B-2693CE0DB733}.Release|x86.Build.0 = Release|Any CPU
		{4070121C-252F-4DC4-BE5E-4E9BE3441A3B}.Debug|Any CPU.ActiveCfg = Debug|Any CPU
		{4070121C-252F-4DC4-BE5E-4E9BE3441A3B}.Debug|Any CPU.Build.0 = Debug|Any CPU
		{4070121C-252F-4DC4-BE5E-4E9BE3441A3B}.Debug|x64.ActiveCfg = Debug|Any CPU
		{4070121C-252F-4DC4-BE5E-4E9BE3441A3B}.Debug|x64.Build.0 = Debug|Any CPU
		{4070121C-252F-4DC4-BE5E-4E9BE3441A3B}.Debug|x86.ActiveCfg = Debug|Any CPU
		{4070121C-252F-4DC4-BE5E-4E9BE3441A3B}.Debug|x86.Build.0 = Debug|Any CPU
		{4070121C-252F-4DC4-BE5E-4E9BE3441A3B}.Release|Any CPU.ActiveCfg = Release|Any CPU
		{4070121C-252F-4DC4-BE5E-4E9BE3441A3B}.Release|Any CPU.Build.0 = Release|Any CPU
		{4070121C-252F-4DC4-BE5E-4E9BE3441A3B}.Release|x64.ActiveCfg = Release|Any CPU
		{4070121C-252F-4DC4-BE5E-4E9BE3441A3B}.Release|x64.Build.0 = Release|Any CPU
		{4070121C-252F-4DC4-BE5E-4E9BE3441A3B}.Release|x86.ActiveCfg = Release|Any CPU
		{4070121C-252F-4DC4-BE5E-4E9BE3441A3B}.Release|x86.Build.0 = Release|Any CPU
		{7BF5DA0E-540B-4AF2-B144-DFA8FAA5C216}.Debug|Any CPU.ActiveCfg = Debug|Any CPU
		{7BF5DA0E-540B-4AF2-B144-DFA8FAA5C216}.Debug|Any CPU.Build.0 = Debug|Any CPU
		{7BF5DA0E-540B-4AF2-B144-DFA8FAA5C216}.Debug|x64.ActiveCfg = Debug|Any CPU
		{7BF5DA0E-540B-4AF2-B144-DFA8FAA5C216}.Debug|x64.Build.0 = Debug|Any CPU
		{7BF5DA0E-540B-4AF2-B144-DFA8FAA5C216}.Debug|x86.ActiveCfg = Debug|Any CPU
		{7BF5DA0E-540B-4AF2-B144-DFA8FAA5C216}.Debug|x86.Build.0 = Debug|Any CPU
		{7BF5DA0E-540B-4AF2-B144-DFA8FAA5C216}.Release|Any CPU.ActiveCfg = Release|Any CPU
		{7BF5DA0E-540B-4AF2-B144-DFA8FAA5C216}.Release|Any CPU.Build.0 = Release|Any CPU
		{7BF5DA0E-540B-4AF2-B144-DFA8FAA5C216}.Release|x64.ActiveCfg = Release|Any CPU
		{7BF5DA0E-540B-4AF2-B144-DFA8FAA5C216}.Release|x64.Build.0 = Release|Any CPU
		{7BF5DA0E-540B-4AF2-B144-DFA8FAA5C216}.Release|x86.ActiveCfg = Release|Any CPU
		{7BF5DA0E-540B-4AF2-B144-DFA8FAA5C216}.Release|x86.Build.0 = Release|Any CPU
		{34B4185E-5B85-4E8D-BCBC-0D33AE4A31A7}.Debug|Any CPU.ActiveCfg = Debug|Any CPU
		{34B4185E-5B85-4E8D-BCBC-0D33AE4A31A7}.Debug|Any CPU.Build.0 = Debug|Any CPU
		{34B4185E-5B85-4E8D-BCBC-0D33AE4A31A7}.Debug|x64.ActiveCfg = Debug|Any CPU
		{34B4185E-5B85-4E8D-BCBC-0D33AE4A31A7}.Debug|x64.Build.0 = Debug|Any CPU
		{34B4185E-5B85-4E8D-BCBC-0D33AE4A31A7}.Debug|x86.ActiveCfg = Debug|Any CPU
		{34B4185E-5B85-4E8D-BCBC-0D33AE4A31A7}.Debug|x86.Build.0 = Debug|Any CPU
		{34B4185E-5B85-4E8D-BCBC-0D33AE4A31A7}.Release|Any CPU.ActiveCfg = Release|Any CPU
		{34B4185E-5B85-4E8D-BCBC-0D33AE4A31A7}.Release|Any CPU.Build.0 = Release|Any CPU
		{34B4185E-5B85-4E8D-BCBC-0D33AE4A31A7}.Release|x64.ActiveCfg = Release|Any CPU
		{34B4185E-5B85-4E8D-BCBC-0D33AE4A31A7}.Release|x64.Build.0 = Release|Any CPU
		{34B4185E-5B85-4E8D-BCBC-0D33AE4A31A7}.Release|x86.ActiveCfg = Release|Any CPU
		{34B4185E-5B85-4E8D-BCBC-0D33AE4A31A7}.Release|x86.Build.0 = Release|Any CPU
		{95820FAD-EEC3-4868-A7AC-D589D28A4BD9}.Debug|Any CPU.ActiveCfg = Debug|Any CPU
		{95820FAD-EEC3-4868-A7AC-D589D28A4BD9}.Debug|Any CPU.Build.0 = Debug|Any CPU
		{95820FAD-EEC3-4868-A7AC-D589D28A4BD9}.Debug|x64.ActiveCfg = Debug|Any CPU
		{95820FAD-EEC3-4868-A7AC-D589D28A4BD9}.Debug|x64.Build.0 = Debug|Any CPU
		{95820FAD-EEC3-4868-A7AC-D589D28A4BD9}.Debug|x86.ActiveCfg = Debug|Any CPU
		{95820FAD-EEC3-4868-A7AC-D589D28A4BD9}.Debug|x86.Build.0 = Debug|Any CPU
		{95820FAD-EEC3-4868-A7AC-D589D28A4BD9}.Release|Any CPU.ActiveCfg = Release|Any CPU
		{95820FAD-EEC3-4868-A7AC-D589D28A4BD9}.Release|Any CPU.Build.0 = Release|Any CPU
		{95820FAD-EEC3-4868-A7AC-D589D28A4BD9}.Release|x64.ActiveCfg = Release|Any CPU
		{95820FAD-EEC3-4868-A7AC-D589D28A4BD9}.Release|x64.Build.0 = Release|Any CPU
		{95820FAD-EEC3-4868-A7AC-D589D28A4BD9}.Release|x86.ActiveCfg = Release|Any CPU
		{95820FAD-EEC3-4868-A7AC-D589D28A4BD9}.Release|x86.Build.0 = Release|Any CPU
		{88B64804-CC65-4EFC-B24B-1BCBD08E4DD9}.Debug|Any CPU.ActiveCfg = Debug|Any CPU
		{88B64804-CC65-4EFC-B24B-1BCBD08E4DD9}.Debug|Any CPU.Build.0 = Debug|Any CPU
		{88B64804-CC65-4EFC-B24B-1BCBD08E4DD9}.Debug|x64.ActiveCfg = Debug|Any CPU
		{88B64804-CC65-4EFC-B24B-1BCBD08E4DD9}.Debug|x64.Build.0 = Debug|Any CPU
		{88B64804-CC65-4EFC-B24B-1BCBD08E4DD9}.Debug|x86.ActiveCfg = Debug|Any CPU
		{88B64804-CC65-4EFC-B24B-1BCBD08E4DD9}.Debug|x86.Build.0 = Debug|Any CPU
		{88B64804-CC65-4EFC-B24B-1BCBD08E4DD9}.Release|Any CPU.ActiveCfg = Release|Any CPU
		{88B64804-CC65-4EFC-B24B-1BCBD08E4DD9}.Release|Any CPU.Build.0 = Release|Any CPU
		{88B64804-CC65-4EFC-B24B-1BCBD08E4DD9}.Release|x64.ActiveCfg = Release|Any CPU
		{88B64804-CC65-4EFC-B24B-1BCBD08E4DD9}.Release|x64.Build.0 = Release|Any CPU
		{88B64804-CC65-4EFC-B24B-1BCBD08E4DD9}.Release|x86.ActiveCfg = Release|Any CPU
		{88B64804-CC65-4EFC-B24B-1BCBD08E4DD9}.Release|x86.Build.0 = Release|Any CPU
		{71EBB696-5BF0-4216-99E4-9B01F3DDCE02}.Debug|Any CPU.ActiveCfg = Debug|Any CPU
		{71EBB696-5BF0-4216-99E4-9B01F3DDCE02}.Debug|Any CPU.Build.0 = Debug|Any CPU
		{71EBB696-5BF0-4216-99E4-9B01F3DDCE02}.Debug|x64.ActiveCfg = Debug|Any CPU
		{71EBB696-5BF0-4216-99E4-9B01F3DDCE02}.Debug|x64.Build.0 = Debug|Any CPU
		{71EBB696-5BF0-4216-99E4-9B01F3DDCE02}.Debug|x86.ActiveCfg = Debug|Any CPU
		{71EBB696-5BF0-4216-99E4-9B01F3DDCE02}.Debug|x86.Build.0 = Debug|Any CPU
		{71EBB696-5BF0-4216-99E4-9B01F3DDCE02}.Release|Any CPU.ActiveCfg = Release|Any CPU
		{71EBB696-5BF0-4216-99E4-9B01F3DDCE02}.Release|Any CPU.Build.0 = Release|Any CPU
		{71EBB696-5BF0-4216-99E4-9B01F3DDCE02}.Release|x64.ActiveCfg = Release|Any CPU
		{71EBB696-5BF0-4216-99E4-9B01F3DDCE02}.Release|x64.Build.0 = Release|Any CPU
		{71EBB696-5BF0-4216-99E4-9B01F3DDCE02}.Release|x86.ActiveCfg = Release|Any CPU
		{71EBB696-5BF0-4216-99E4-9B01F3DDCE02}.Release|x86.Build.0 = Release|Any CPU
		{178BC2E5-0648-4781-8BCD-BA7253EBAE6A}.Debug|Any CPU.ActiveCfg = Debug|Any CPU
		{178BC2E5-0648-4781-8BCD-BA7253EBAE6A}.Debug|Any CPU.Build.0 = Debug|Any CPU
		{178BC2E5-0648-4781-8BCD-BA7253EBAE6A}.Debug|x64.ActiveCfg = Debug|Any CPU
		{178BC2E5-0648-4781-8BCD-BA7253EBAE6A}.Debug|x64.Build.0 = Debug|Any CPU
		{178BC2E5-0648-4781-8BCD-BA7253EBAE6A}.Debug|x86.ActiveCfg = Debug|Any CPU
		{178BC2E5-0648-4781-8BCD-BA7253EBAE6A}.Debug|x86.Build.0 = Debug|Any CPU
		{178BC2E5-0648-4781-8BCD-BA7253EBAE6A}.Release|Any CPU.ActiveCfg = Release|Any CPU
		{178BC2E5-0648-4781-8BCD-BA7253EBAE6A}.Release|Any CPU.Build.0 = Release|Any CPU
		{178BC2E5-0648-4781-8BCD-BA7253EBAE6A}.Release|x64.ActiveCfg = Release|Any CPU
		{178BC2E5-0648-4781-8BCD-BA7253EBAE6A}.Release|x64.Build.0 = Release|Any CPU
		{178BC2E5-0648-4781-8BCD-BA7253EBAE6A}.Release|x86.ActiveCfg = Release|Any CPU
		{178BC2E5-0648-4781-8BCD-BA7253EBAE6A}.Release|x86.Build.0 = Release|Any CPU
		{3FCA5984-0D5D-4E3D-80F8-4A706A8286C1}.Debug|Any CPU.ActiveCfg = Debug|Any CPU
		{3FCA5984-0D5D-4E3D-80F8-4A706A8286C1}.Debug|Any CPU.Build.0 = Debug|Any CPU
		{3FCA5984-0D5D-4E3D-80F8-4A706A8286C1}.Debug|x64.ActiveCfg = Debug|Any CPU
		{3FCA5984-0D5D-4E3D-80F8-4A706A8286C1}.Debug|x64.Build.0 = Debug|Any CPU
		{3FCA5984-0D5D-4E3D-80F8-4A706A8286C1}.Debug|x86.ActiveCfg = Debug|Any CPU
		{3FCA5984-0D5D-4E3D-80F8-4A706A8286C1}.Debug|x86.Build.0 = Debug|Any CPU
		{3FCA5984-0D5D-4E3D-80F8-4A706A8286C1}.Release|Any CPU.ActiveCfg = Release|Any CPU
		{3FCA5984-0D5D-4E3D-80F8-4A706A8286C1}.Release|Any CPU.Build.0 = Release|Any CPU
		{3FCA5984-0D5D-4E3D-80F8-4A706A8286C1}.Release|x64.ActiveCfg = Release|Any CPU
		{3FCA5984-0D5D-4E3D-80F8-4A706A8286C1}.Release|x64.Build.0 = Release|Any CPU
		{3FCA5984-0D5D-4E3D-80F8-4A706A8286C1}.Release|x86.ActiveCfg = Release|Any CPU
		{3FCA5984-0D5D-4E3D-80F8-4A706A8286C1}.Release|x86.Build.0 = Release|Any CPU
		{DA74FEAD-57FF-4FC7-AAB7-703468D212A1}.Debug|Any CPU.ActiveCfg = Debug|Any CPU
		{DA74FEAD-57FF-4FC7-AAB7-703468D212A1}.Debug|Any CPU.Build.0 = Debug|Any CPU
		{DA74FEAD-57FF-4FC7-AAB7-703468D212A1}.Debug|x64.ActiveCfg = Debug|Any CPU
		{DA74FEAD-57FF-4FC7-AAB7-703468D212A1}.Debug|x64.Build.0 = Debug|Any CPU
		{DA74FEAD-57FF-4FC7-AAB7-703468D212A1}.Debug|x86.ActiveCfg = Debug|Any CPU
		{DA74FEAD-57FF-4FC7-AAB7-703468D212A1}.Debug|x86.Build.0 = Debug|Any CPU
		{DA74FEAD-57FF-4FC7-AAB7-703468D212A1}.Release|Any CPU.ActiveCfg = Release|Any CPU
		{DA74FEAD-57FF-4FC7-AAB7-703468D212A1}.Release|Any CPU.Build.0 = Release|Any CPU
		{DA74FEAD-57FF-4FC7-AAB7-703468D212A1}.Release|x64.ActiveCfg = Release|Any CPU
		{DA74FEAD-57FF-4FC7-AAB7-703468D212A1}.Release|x64.Build.0 = Release|Any CPU
		{DA74FEAD-57FF-4FC7-AAB7-703468D212A1}.Release|x86.ActiveCfg = Release|Any CPU
		{DA74FEAD-57FF-4FC7-AAB7-703468D212A1}.Release|x86.Build.0 = Release|Any CPU
		{3F7E089D-0160-46B0-9B03-46CEF1228CA7}.Debug|Any CPU.ActiveCfg = Debug|Any CPU
		{3F7E089D-0160-46B0-9B03-46CEF1228CA7}.Debug|Any CPU.Build.0 = Debug|Any CPU
		{3F7E089D-0160-46B0-9B03-46CEF1228CA7}.Debug|x64.ActiveCfg = Debug|Any CPU
		{3F7E089D-0160-46B0-9B03-46CEF1228CA7}.Debug|x64.Build.0 = Debug|Any CPU
		{3F7E089D-0160-46B0-9B03-46CEF1228CA7}.Debug|x86.ActiveCfg = Debug|Any CPU
		{3F7E089D-0160-46B0-9B03-46CEF1228CA7}.Debug|x86.Build.0 = Debug|Any CPU
		{3F7E089D-0160-46B0-9B03-46CEF1228CA7}.Release|Any CPU.ActiveCfg = Release|Any CPU
		{3F7E089D-0160-46B0-9B03-46CEF1228CA7}.Release|Any CPU.Build.0 = Release|Any CPU
		{3F7E089D-0160-46B0-9B03-46CEF1228CA7}.Release|x64.ActiveCfg = Release|Any CPU
		{3F7E089D-0160-46B0-9B03-46CEF1228CA7}.Release|x64.Build.0 = Release|Any CPU
		{3F7E089D-0160-46B0-9B03-46CEF1228CA7}.Release|x86.ActiveCfg = Release|Any CPU
		{3F7E089D-0160-46B0-9B03-46CEF1228CA7}.Release|x86.Build.0 = Release|Any CPU
	EndGlobalSection
	GlobalSection(SolutionProperties) = preSolution
		HideSolutionNode = FALSE
	EndGlobalSection
	GlobalSection(ExtensibilityGlobals) = postSolution
		SolutionGuid = {DFEF2D47-2D73-4625-8453-B5DADB3CD561}
	EndGlobalSection
EndGlobal
